
Microsoft Visual Studio Solution File, Format Version 12.00
# Visual Studio 15
VisualStudioVersion = 15.0.26430.15
MinimumVisualStudioVersion = 10.0.40219.1
Project("{FAE04EC0-301F-11D3-BF4B-00C04F79EFBC}") = "SqlAgentScheduleView.Website", "SqlAgentScheduleView.Website\SqlAgentScheduleView.Website.csproj", "{06347508-1440-43EA-B694-7EA9A36A9A90}"
EndProject
Project("{FAE04EC0-301F-11D3-BF4B-00C04F79EFBC}") = "SqlAgentScheduleView.Data", "SqlAgentScheduleView.Data\SqlAgentScheduleView.Data.csproj", "{6E93314B-272F-4A97-B0B8-102ACBE5B5E3}"
EndProject
Global
	GlobalSection(SolutionConfigurationPlatforms) = preSolution
		Debug|Any CPU = Debug|Any CPU
		Release|Any CPU = Release|Any CPU
	EndGlobalSection
	GlobalSection(ProjectConfigurationPlatforms) = postSolution
		{06347508-1440-43EA-B694-7EA9A36A9A90}.Debug|Any CPU.ActiveCfg = Debug|Any CPU
		{06347508-1440-43EA-B694-7EA9A36A9A90}.Debug|Any CPU.Build.0 = Debug|Any CPU
		{06347508-1440-43EA-B694-7EA9A36A9A90}.Release|Any CPU.ActiveCfg = Release|Any CPU
		{06347508-1440-43EA-B694-7EA9A36A9A90}.Release|Any CPU.Build.0 = Release|Any CPU
		{6E93314B-272F-4A97-B0B8-102ACBE5B5E3}.Debug|Any CPU.ActiveCfg = Debug|Any CPU
		{6E93314B-272F-4A97-B0B8-102ACBE5B5E3}.Debug|Any CPU.Build.0 = Debug|Any CPU
		{6E93314B-272F-4A97-B0B8-102ACBE5B5E3}.Release|Any CPU.ActiveCfg = Release|Any CPU
		{6E93314B-272F-4A97-B0B8-102ACBE5B5E3}.Release|Any CPU.Build.0 = Release|Any CPU
	EndGlobalSection
	GlobalSection(SolutionProperties) = preSolution
		HideSolutionNode = FALSE
	EndGlobalSection
EndGlobal
